
Microsoft Visual Studio Solution File, Format Version 12.00
# Visual Studio Version 16
VisualStudioVersion = 16.0.29728.190
MinimumVisualStudioVersion = 10.0.40219.1
Project("{8BC9CEB8-8B4A-11D0-8D11-00A0C91BC942}") = "MSICALib", "lib\MSICALib\build\MSICALib.vcxproj", "{8552EE55-177E-4F51-B51B-BAF7D6462CDE}"
EndProject
Project("{8BC9CEB8-8B4A-11D0-8D11-00A0C91BC942}") = "MSICA", "MSICA\MSICA.vcxproj", "{A7D9EBC1-1E64-4399-9C88-6692F8742153}"
EndProject
Project("{2150E333-8FDC-42A3-9474-1A3956D46DE8}") = "Libraries", "Libraries", "{26350A68-2F55-4732-972C-4A5E9077699E}"
EndProject
Global
	GlobalSection(SolutionConfigurationPlatforms) = preSolution
		Debug|ARM64 = Debug|ARM64
		Debug|Win32 = Debug|Win32
		Debug|x64 = Debug|x64
		Release|ARM64 = Release|ARM64
		Release|Win32 = Release|Win32
		Release|x64 = Release|x64
	EndGlobalSection
	GlobalSection(ProjectConfigurationPlatforms) = postSolution
		{8552EE55-177E-4F51-B51B-BAF7D6462CDE}.Debug|ARM64.ActiveCfg = Debug|ARM64
		{8552EE55-177E-4F51-B51B-BAF7D6462CDE}.Debug|ARM64.Build.0 = Debug|ARM64
		{8552EE55-177E-4F51-B51B-BAF7D6462CDE}.Debug|Win32.ActiveCfg = Debug|Win32
		{8552EE55-177E-4F51-B51B-BAF7D6462CDE}.Debug|Win32.Build.0 = Debug|Win32
		{8552EE55-177E-4F51-B51B-BAF7D6462CDE}.Debug|x64.ActiveCfg = Debug|x64
		{8552EE55-177E-4F51-B51B-BAF7D6462CDE}.Debug|x64.Build.0 = Debug|x64
		{8552EE55-177E-4F51-B51B-BAF7D6462CDE}.Release|ARM64.ActiveCfg = Release|ARM64
		{8552EE55-177E-4F51-B51B-BAF7D6462CDE}.Release|ARM64.Build.0 = Release|ARM64
		{8552EE55-177E-4F51-B51B-BAF7D6462CDE}.Release|Win32.ActiveCfg = Release|Win32
		{8552EE55-177E-4F51-B51B-BAF7D6462CDE}.Release|Win32.Build.0 = Release|Win32
		{8552EE55-177E-4F51-B51B-BAF7D6462CDE}.Release|x64.ActiveCfg = Release|x64
		{8552EE55-177E-4F51-B51B-BAF7D6462CDE}.Release|x64.Build.0 = Release|x64
		{A7D9EBC1-1E64-4399-9C88-6692F8742153}.Debug|ARM64.ActiveCfg = Debug|ARM64
		{A7D9EBC1-1E64-4399-9C88-6692F8742153}.Debug|ARM64.Build.0 = Debug|ARM64
		{A7D9EBC1-1E64-4399-9C88-6692F8742153}.Debug|Win32.ActiveCfg = Debug|Win32
		{A7D9EBC1-1E64-4399-9C88-6692F8742153}.Debug|Win32.Build.0 = Debug|Win32
		{A7D9EBC1-1E64-4399-9C88-6692F8742153}.Debug|x64.ActiveCfg = Debug|x64
		{A7D9EBC1-1E64-4399-9C88-6692F8742153}.Debug|x64.Build.0 = Debug|x64
		{A7D9EBC1-1E64-4399-9C88-6692F8742153}.Release|ARM64.ActiveCfg = Release|ARM64
		{A7D9EBC1-1E64-4399-9C88-6692F8742153}.Release|ARM64.Build.0 = Release|ARM64
		{A7D9EBC1-1E64-4399-9C88-6692F8742153}.Release|Win32.ActiveCfg = Release|Win32
		{A7D9EBC1-1E64-4399-9C88-6692F8742153}.Release|Win32.Build.0 = Release|Win32
		{A7D9EBC1-1E64-4399-9C88-6692F8742153}.Release|x64.ActiveCfg = Release|x64
		{A7D9EBC1-1E64-4399-9C88-6692F8742153}.Release|x64.Build.0 = Release|x64
	EndGlobalSection
	GlobalSection(SolutionProperties) = preSolution
		HideSolutionNode = FALSE
	EndGlobalSection
	GlobalSection(NestedProjects) = preSolution
		{8552EE55-177E-4F51-B51B-BAF7D6462CDE} = {26350A68-2F55-4732-972C-4A5E9077699E}
	EndGlobalSection
	GlobalSection(ExtensibilityGlobals) = postSolution
		SolutionGuid = {C683F89B-816D-4124-B3D4-F44182E34490}
	EndGlobalSection
EndGlobal
